
Microsoft Visual Studio Solution File, Format Version 12.00
# Visual Studio Version 16
VisualStudioVersion = 16.0.30523.141
MinimumVisualStudioVersion = 10.0.40219.1
Project("{FAE04EC0-301F-11D3-BF4B-00C04F79EFBC}") = "SourceCodeGenerator", "SourceCodeGenerator\SourceCodeGenerator.csproj", "{85CF209E-C43A-4B00-86B3-ADF7B534FA85}"
EndProject
Global
	GlobalSection(SolutionConfigurationPlatforms) = preSolution
		Debug|Any CPU = Debug|Any CPU
		Release|Any CPU = Release|Any CPU
	EndGlobalSection
	GlobalSection(ProjectConfigurationPlatforms) = postSolution
		{85CF209E-C43A-4B00-86B3-ADF7B534FA85}.Debug|Any CPU.ActiveCfg = Debug|Any CPU
		{85CF209E-C43A-4B00-86B3-ADF7B534FA85}.Debug|Any CPU.Build.0 = Debug|Any CPU
		{85CF209E-C43A-4B00-86B3-ADF7B534FA85}.Release|Any CPU.ActiveCfg = Release|Any CPU
		{85CF209E-C43A-4B00-86B3-ADF7B534FA85}.Release|Any CPU.Build.0 = Release|Any CPU
	EndGlobalSection
	GlobalSection(SolutionProperties) = preSolution
		HideSolutionNode = FALSE
	EndGlobalSection
	GlobalSection(ExtensibilityGlobals) = postSolution
		SolutionGuid = {B7B9A46A-F96F-4567-AD2F-CE5B0D4858E4}
	EndGlobalSection
EndGlobal
